
Microsoft Visual Studio Solution File, Format Version 12.00
# Visual Studio Version 16
VisualStudioVersion = 16.0.31229.75
MinimumVisualStudioVersion = 10.0.40219.1
Project("{FAE04EC0-301F-11D3-BF4B-00C04F79EFBC}") = "rCOS", "rCOS.csproj", "{F8DF4075-E0E9-4D5A-B6F1-1BE6432A127F}"
EndProject
Global
	GlobalSection(SolutionConfigurationPlatforms) = preSolution
		Debug|Any CPU = Debug|Any CPU
		Release|Any CPU = Release|Any CPU
	EndGlobalSection
	GlobalSection(ProjectConfigurationPlatforms) = postSolution
		{F8DF4075-E0E9-4D5A-B6F1-1BE6432A127F}.Debug|Any CPU.ActiveCfg = Debug|Any CPU
		{F8DF4075-E0E9-4D5A-B6F1-1BE6432A127F}.Debug|Any CPU.Build.0 = Debug|Any CPU
		{F8DF4075-E0E9-4D5A-B6F1-1BE6432A127F}.Release|Any CPU.ActiveCfg = Release|Any CPU
		{F8DF4075-E0E9-4D5A-B6F1-1BE6432A127F}.Release|Any CPU.Build.0 = Release|Any CPU
	EndGlobalSection
	GlobalSection(SolutionProperties) = preSolution
		HideSolutionNode = FALSE
	EndGlobalSection
	GlobalSection(ExtensibilityGlobals) = postSolution
		SolutionGuid = {5A0485A5-93B6-41D5-A86C-C22BA1BD6DC3}
	EndGlobalSection
EndGlobal
